<Solution>
  <Folder Name="/Documentation/">
    <Project Path="Vestigium.Suite.Network.Documentation/Vestigium.Suite.Network.Documentation.csproj" Id="c1495cb5-2518-4e71-b18e-eaedc0442e45" />
  </Folder>
  <Folder Name="/Suite/" />
  <Folder Name="/Suite/Network/">
    <Project Path="src/Vestigium.Suite.Network.DnsIQ/Vestigium.Suite.Network.DnsIQ.csproj" />
    <Project Path="src/Vestigium.Suite.Network.NicIQ/Vestigium.Suite.Network.NicIQ.csproj" />
    <Project Path="src/Vestigium.Suite.Network.PingIQ/Vestigium.Suite.Network.PingIQ.csproj" />
    <Project Path="src/Vestigium.Suite.Network.ProbeHost/Vestigium.Suite.Network.ProbeHost.csproj" />
    <Project Path="src/Vestigium.Suite.Network.RouteIQ/Vestigium.Suite.Network.RouteIQ.csproj" />
    <Project Path="src/Vestigium.Suite.Network.ShareIQ/Vestigium.Suite.Network.ShareIQ.csproj" />
    <Project Path="src/Vestigium.Suite.Network.Shell/Vestigium.Suite.Network.Shell.csproj" />
    <Project Path="src/Vestigium.Suite.Network.TraceIQ/Vestigium.Suite.Network.TraceIQ.csproj" />
  </Folder>
  <Folder Name="/Tests/">
    <Project Path="tests/Vestigium.Suite.Network.Tests/Vestigium.Suite.Network.Tests.csproj" />
  </Folder>
</Solution>
